
Microsoft Visual Studio Solution File, Format Version 12.00
# Visual Studio Version 17
VisualStudioVersion = 17.5.33424.131
MinimumVisualStudioVersion = 10.0.40219.1
Project("{9A19103F-16F7-4668-BE54-9A1E7A4F7556}") = "Bazzar.Core.Api", "Bazzar.Core.API\Bazzar.Core.Api.csproj", "{A3CAFBF2-6D68-4884-8FA8-2193EB38B8C5}"
EndProject
Project("{FAE04EC0-301F-11D3-BF4B-00C04F79EFBC}") = "Bazzar.Core.Api.Tests.Unit", "Bazzar.Core.Api.Tests.Unit\Bazzar.Core.Api.Tests.Unit.csproj", "{443D847E-8E1F-4B85-BE19-4A2B50B59C2E}"
EndProject
Project("{FAE04EC0-301F-11D3-BF4B-00C04F79EFBC}") = "Bazzar.Core.Api.Tests.Acceptance", "Bazzar.Core.Api.Tests.Acceptance\Bazzar.Core.Api.Tests.Acceptance.csproj", "{2089C1BF-6FEB-408B-AF23-34F48D5DCF0B}"
EndProject
Global
	GlobalSection(SolutionConfigurationPlatforms) = preSolution
		Debug|Any CPU = Debug|Any CPU
		Release|Any CPU = Release|Any CPU
	EndGlobalSection
	GlobalSection(ProjectConfigurationPlatforms) = postSolution
		{A3CAFBF2-6D68-4884-8FA8-2193EB38B8C5}.Debug|Any CPU.ActiveCfg = Debug|Any CPU
		{A3CAFBF2-6D68-4884-8FA8-2193EB38B8C5}.Debug|Any CPU.Build.0 = Debug|Any CPU
		{A3CAFBF2-6D68-4884-8FA8-2193EB38B8C5}.Release|Any CPU.ActiveCfg = Release|Any CPU
		{A3CAFBF2-6D68-4884-8FA8-2193EB38B8C5}.Release|Any CPU.Build.0 = Release|Any CPU
		{443D847E-8E1F-4B85-BE19-4A2B50B59C2E}.Debug|Any CPU.ActiveCfg = Debug|Any CPU
		{443D847E-8E1F-4B85-BE19-4A2B50B59C2E}.Debug|Any CPU.Build.0 = Debug|Any CPU
		{443D847E-8E1F-4B85-BE19-4A2B50B59C2E}.Release|Any CPU.ActiveCfg = Release|Any CPU
		{443D847E-8E1F-4B85-BE19-4A2B50B59C2E}.Release|Any CPU.Build.0 = Release|Any CPU
		{2089C1BF-6FEB-408B-AF23-34F48D5DCF0B}.Debug|Any CPU.ActiveCfg = Debug|Any CPU
		{2089C1BF-6FEB-408B-AF23-34F48D5DCF0B}.Debug|Any CPU.Build.0 = Debug|Any CPU
		{2089C1BF-6FEB-408B-AF23-34F48D5DCF0B}.Release|Any CPU.ActiveCfg = Release|Any CPU
		{2089C1BF-6FEB-408B-AF23-34F48D5DCF0B}.Release|Any CPU.Build.0 = Release|Any CPU
	EndGlobalSection
	GlobalSection(SolutionProperties) = preSolution
		HideSolutionNode = FALSE
	EndGlobalSection
	GlobalSection(ExtensibilityGlobals) = postSolution
		SolutionGuid = {3B84D822-AF68-40C1-BEF1-6671B97F1223}
	EndGlobalSection
EndGlobal
